
Microsoft Visual Studio Solution File, Format Version 12.00
# Visual Studio Version 17
VisualStudioVersion = 17.2.32616.157
MinimumVisualStudioVersion = 10.0.40219.1
Project("{FAE04EC0-301F-11D3-BF4B-00C04F79EFBC}") = "CSHARP_GETTING_STARTED", "CSHARP_GETTING_STARTED.csproj", "{817ECFF6-3E38-4180-ABF8-C94C43001893}"
EndProject
Global
	GlobalSection(SolutionConfigurationPlatforms) = preSolution
		Debug|Any CPU = Debug|Any CPU
		Release|Any CPU = Release|Any CPU
	EndGlobalSection
	GlobalSection(ProjectConfigurationPlatforms) = postSolution
		{817ECFF6-3E38-4180-ABF8-C94C43001893}.Debug|Any CPU.ActiveCfg = Debug|Any CPU
		{817ECFF6-3E38-4180-ABF8-C94C43001893}.Debug|Any CPU.Build.0 = Debug|Any CPU
		{817ECFF6-3E38-4180-ABF8-C94C43001893}.Release|Any CPU.ActiveCfg = Release|Any CPU
		{817ECFF6-3E38-4180-ABF8-C94C43001893}.Release|Any CPU.Build.0 = Release|Any CPU
	EndGlobalSection
	GlobalSection(SolutionProperties) = preSolution
		HideSolutionNode = FALSE
	EndGlobalSection
	GlobalSection(ExtensibilityGlobals) = postSolution
		SolutionGuid = {3A1011A1-3074-4175-BB93-240CF626061A}
	EndGlobalSection
EndGlobal
